// !$*UTF8*$!
{
	archiveVersion = 1;
	classes = {
	};
	objectVersion = 55;
	objects = {

/* Begin PBXBuildFile section */
		D602D408275DAD4B0027FEEE /* AppDelegate.swift in Sources */ = {isa = PBXBuildFile; fileRef = D602D407275DAD4B0027FEEE /* AppDelegate.swift */; };
		D602D40A275DAD4B0027FEEE /* SceneDelegate.swift in Sources */ = {isa = PBXBuildFile; fileRef = D602D409275DAD4B0027FEEE /* SceneDelegate.swift */; };
		D602D40C275DAD4B0027FEEE /* ViewController.swift in Sources */ = {isa = PBXBuildFile; fileRef = D602D40B275DAD4B0027FEEE /* ViewController.swift */; };
		D602D40F275DAD4B0027FEEE /* Main.storyboard in Resources */ = {isa = PBXBuildFile; fileRef = D602D40D275DAD4B0027FEEE /* Main.storyboard */; };
		D602D411275DAD4C0027FEEE /* Assets.xcassets in Resources */ = {isa = PBXBuildFile; fileRef = D602D410275DAD4C0027FEEE /* Assets.xcassets */; };
		D602D414275DAD4C0027FEEE /* LaunchScreen.storyboard in Resources */ = {isa = PBXBuildFile; fileRef = D602D412275DAD4C0027FEEE /* LaunchScreen.storyboard */; };
		D602D423275DADC90027FEEE /* SquareCollectionViewCell.swift in Sources */ = {isa = PBXBuildFile; fileRef = D602D421275DADC90027FEEE /* SquareCollectionViewCell.swift */; };
		D602D424275DADC90027FEEE /* SquareCollectionViewCell.xib in Resources */ = {isa = PBXBuildFile; fileRef = D602D422275DADC90027FEEE /* SquareCollectionViewCell.xib */; };
		D602D42A275DAF5E0027FEEE /* SquareViewController.swift in Sources */ = {isa = PBXBuildFile; fileRef = D602D429275DAF5E0027FEEE /* SquareViewController.swift */; };
		D6506BF8275FA49D00280AA4 /* OutlineItem.swift in Sources */ = {isa = PBXBuildFile; fileRef = D6506BF7275FA49D00280AA4 /* OutlineItem.swift */; };
/* End PBXBuildFile section */

/* Begin PBXFileReference section */
		D602D404275DAD4B0027FEEE /* Background.app */ = {isa = PBXFileReference; explicitFileType = wrapper.application; includeInIndex = 0; path = Background.app; sourceTree = BUILT_PRODUCTS_DIR; };
		D602D407275DAD4B0027FEEE /* AppDelegate.swift */ = {isa = PBXFileReference; lastKnownFileType = sourcecode.swift; path = AppDelegate.swift; sourceTree = "<group>"; };
		D602D409275DAD4B0027FEEE /* SceneDelegate.swift */ = {isa = PBXFileReference; lastKnownFileType = sourcecode.swift; path = SceneDelegate.swift; sourceTree = "<group>"; };
		D602D40B275DAD4B0027FEEE /* ViewController.swift */ = {isa = PBXFileReference; lastKnownFileType = sourcecode.swift; path = ViewController.swift; sourceTree = "<group>"; };
		D602D40E275DAD4B0027FEEE /* Base */ = {isa = PBXFileReference; lastKnownFileType = file.storyboard; name = Base; path = Base.lproj/Main.storyboard; sourceTree = "<group>"; };
		D602D410275DAD4C0027FEEE /* Assets.xcassets */ = {isa = PBXFileReference; lastKnownFileType = folder.assetcatalog; path = Assets.xcassets; sourceTree = "<group>"; };
		D602D413275DAD4C0027FEEE /* Base */ = {isa = PBXFileReference; lastKnownFileType = file.storyboard; name = Base; path = Base.lproj/LaunchScreen.storyboard; sourceTree = "<group>"; };
		D602D415275DAD4C0027FEEE /* Info.plist */ = {isa = PBXFileReference; lastKnownFileType = text.plist.xml; path = Info.plist; sourceTree = "<group>"; };
		D602D421275DADC90027FEEE /* SquareCollectionViewCell.swift */ = {isa = PBXFileReference; lastKnownFileType = sourcecode.swift; path = SquareCollectionViewCell.swift; sourceTree = "<group>"; };
		D602D422275DADC90027FEEE /* SquareCollectionViewCell.xib */ = {isa = PBXFileReference; lastKnownFileType = file.xib; path = SquareCollectionViewCell.xib; sourceTree = "<group>"; };
		D602D429275DAF5E0027FEEE /* SquareViewController.swift */ = {isa = PBXFileReference; lastKnownFileType = sourcecode.swift; path = SquareViewController.swift; sourceTree = "<group>"; };
		D6506BF7275FA49D00280AA4 /* OutlineItem.swift */ = {isa = PBXFileReference; lastKnownFileType = sourcecode.swift; path = OutlineItem.swift; sourceTree = "<group>"; };
/* End PBXFileReference section */

/* Begin PBXFrameworksBuildPhase section */
		D602D401275DAD4B0027FEEE /* Frameworks */ = {
			isa = PBXFrameworksBuildPhase;
			buildActionMask = 2147483647;
			files = (
			);
			runOnlyForDeploymentPostprocessing = 0;
		};
/* End PBXFrameworksBuildPhase section */

/* Begin PBXGroup section */
		D602D3FB275DAD4B0027FEEE = {
			isa = PBXGroup;
			children = (
				D602D406275DAD4B0027FEEE /* Background */,
				D602D405275DAD4B0027FEEE /* Products */,
			);
			sourceTree = "<group>";
		};
		D602D405275DAD4B0027FEEE /* Products */ = {
			isa = PBXGroup;
			children = (
				D602D404275DAD4B0027FEEE /* Background.app */,
			);
			name = Products;
			sourceTree = "<group>";
		};
		D602D406275DAD4B0027FEEE /* Background */ = {
			isa = PBXGroup;
			children = (
				D6506BF6275FA43800280AA4 /* Models */,
				D602D41B275DAD5A0027FEEE /* CollectionViews */,
				D602D407275DAD4B0027FEEE /* AppDelegate.swift */,
				D602D409275DAD4B0027FEEE /* SceneDelegate.swift */,
				D602D40B275DAD4B0027FEEE /* ViewController.swift */,
				D602D40D275DAD4B0027FEEE /* Main.storyboard */,
				D602D410275DAD4C0027FEEE /* Assets.xcassets */,
				D602D412275DAD4C0027FEEE /* LaunchScreen.storyboard */,
				D602D415275DAD4C0027FEEE /* Info.plist */,
			);
			path = Background;
			sourceTree = "<group>";
		};
		D602D41B275DAD5A0027FEEE /* CollectionViews */ = {
			isa = PBXGroup;
			children = (
				D602D41C275DAD720027FEEE /* ResizingForAcessibility */,
			);
			path = CollectionViews;
			sourceTree = "<group>";
		};
		D602D41C275DAD720027FEEE /* ResizingForAcessibility */ = {
			isa = PBXGroup;
			children = (
				D602D41E275DAD890027FEEE /* View */,
				D602D41D275DAD810027FEEE /* Controller */,
			);
			path = ResizingForAcessibility;
			sourceTree = "<group>";
		};
		D602D41D275DAD810027FEEE /* Controller */ = {
			isa = PBXGroup;
			children = (
				D602D429275DAF5E0027FEEE /* SquareViewController.swift */,
			);
			path = Controller;
			sourceTree = "<group>";
		};
		D602D41E275DAD890027FEEE /* View */ = {
			isa = PBXGroup;
			children = (
				D602D421275DADC90027FEEE /* SquareCollectionViewCell.swift */,
				D602D422275DADC90027FEEE /* SquareCollectionViewCell.xib */,
			);
			path = View;
			sourceTree = "<group>";
		};
		D6506BF6275FA43800280AA4 /* Models */ = {
			isa = PBXGroup;
			children = (
				D6506BF7275FA49D00280AA4 /* OutlineItem.swift */,
			);
			path = Models;
			sourceTree = "<group>";
		};
/* End PBXGroup section */

/* Begin PBXNativeTarget section */
		D602D403275DAD4B0027FEEE /* Background */ = {
			isa = PBXNativeTarget;
			buildConfigurationList = D602D418275DAD4C0027FEEE /* Build configuration list for PBXNativeTarget "Background" */;
			buildPhases = (
				D602D400275DAD4B0027FEEE /* Sources */,
				D602D401275DAD4B0027FEEE /* Frameworks */,
				D602D402275DAD4B0027FEEE /* Resources */,
			);
			buildRules = (
			);
			dependencies = (
			);
			name = Background;
			productName = Background;
			productReference = D602D404275DAD4B0027FEEE /* Background.app */;
			productType = "com.apple.product-type.application";
		};
/* End PBXNativeTarget section */

/* Begin PBXProject section */
		D602D3FC275DAD4B0027FEEE /* Project object */ = {
			isa = PBXProject;
			attributes = {
				BuildIndependentTargetsInParallel = 1;
				LastSwiftUpdateCheck = 1310;
				LastUpgradeCheck = 1310;
				TargetAttributes = {
					D602D403275DAD4B0027FEEE = {
						CreatedOnToolsVersion = 13.1;
					};
				};
			};
			buildConfigurationList = D602D3FF275DAD4B0027FEEE /* Build configuration list for PBXProject "Background" */;
			compatibilityVersion = "Xcode 13.0";
			developmentRegion = en;
			hasScannedForEncodings = 0;
			knownRegions = (
				en,
				Base,
			);
			mainGroup = D602D3FB275DAD4B0027FEEE;
			productRefGroup = D602D405275DAD4B0027FEEE /* Products */;
			projectDirPath = "";
			projectRoot = "";
			targets = (
				D602D403275DAD4B0027FEEE /* Background */,
			);
		};
/* End PBXProject section */

/* Begin PBXResourcesBuildPhase section */
		D602D402275DAD4B0027FEEE /* Resources */ = {
			isa = PBXResourcesBuildPhase;
			buildActionMask = 2147483647;
			files = (
				D602D414275DAD4C0027FEEE /* LaunchScreen.storyboard in Resources */,
				D602D424275DADC90027FEEE /* SquareCollectionViewCell.xib in Resources */,
				D602D411275DAD4C0027FEEE /* Assets.xcassets in Resources */,
				D602D40F275DAD4B0027FEEE /* Main.storyboard in Resources */,
			);
			runOnlyForDeploymentPostprocessing = 0;
		};
/* End PBXResourcesBuildPhase section */

/* Begin PBXSourcesBuildPhase section */
		D602D400275DAD4B0027FEEE /* Sources */ = {
			isa = PBXSourcesBuildPhase;
			buildActionMask = 2147483647;
			files = (
				D602D40C275DAD4B0027FEEE /* ViewController.swift in Sources */,
				D6506BF8275FA49D00280AA4 /* OutlineItem.swift in Sources */,
				D602D423275DADC90027FEEE /* SquareCollectionViewCell.swift in Sources */,
				D602D408275DAD4B0027FEEE /* AppDelegate.swift in Sources */,
				D602D42A275DAF5E0027FEEE /* SquareViewController.swift in Sources */,
				D602D40A275DAD4B0027FEEE /* SceneDelegate.swift in Sources */,
			);
			runOnlyForDeploymentPostprocessing = 0;
		};
/* End PBXSourcesBuildPhase section */

/* Begin PBXVariantGroup section */
		D602D40D275DAD4B0027FEEE /* Main.storyboard */ = {
			isa = PBXVariantGroup;
			children = (
				D602D40E275DAD4B0027FEEE /* Base */,
			);
			name = Main.storyboard;
			sourceTree = "<group>";
		};
		D602D412275DAD4C0027FEEE /* LaunchScreen.storyboard */ = {
			isa = PBXVariantGroup;
			children = (
				D602D413275DAD4C0027FEEE /* Base */,
			);
			name = LaunchScreen.storyboard;
			sourceTree = "<group>";
		};
/* End PBXVariantGroup section */

/* Begin XCBuildConfiguration section */
		D602D416275DAD4C0027FEEE /* Debug */ = {
			isa = XCBuildConfiguration;
			buildSettings = {
				ALWAYS_SEARCH_USER_PATHS = NO;
				CLANG_ANALYZER_NONNULL = YES;
				CLANG_ANALYZER_NUMBER_OBJECT_CONVERSION = YES_AGGRESSIVE;
				CLANG_CXX_LANGUAGE_STANDARD = "gnu++17";
				CLANG_CXX_LIBRARY = "libc++";
				CLANG_ENABLE_MODULES = YES;
				CLANG_ENABLE_OBJC_ARC = YES;
				CLANG_ENABLE_OBJC_WEAK = YES;
				CLANG_WARN_BLOCK_CAPTURE_AUTORELEASING = YES;
				CLANG_WARN_BOOL_CONVERSION = YES;
				CLANG_WARN_COMMA = YES;
				CLANG_WARN_CONSTANT_CONVERSION = YES;
				CLANG_WARN_DEPRECATED_OBJC_IMPLEMENTATIONS = YES;
				CLANG_WARN_DIRECT_OBJC_ISA_USAGE = YES_ERROR;
				CLANG_WARN_DOCUMENTATION_COMMENTS = YES;
				CLANG_WARN_EMPTY_BODY = YES;
				CLANG_WARN_ENUM_CONVERSION = YES;
				CLANG_WARN_INFINITE_RECURSION = YES;
				CLANG_WARN_INT_CONVERSION = YES;
				CLANG_WARN_NON_LITERAL_NULL_CONVERSION = YES;
				CLANG_WARN_OBJC_IMPLICIT_RETAIN_SELF = YES;
				CLANG_WARN_OBJC_LITERAL_CONVERSION = YES;
				CLANG_WARN_OBJC_ROOT_CLASS = YES_ERROR;
				CLANG_WARN_QUOTED_INCLUDE_IN_FRAMEWORK_HEADER = YES;
				CLANG_WARN_RANGE_LOOP_ANALYSIS = YES;
				CLANG_WARN_STRICT_PROTOTYPES = YES;
				CLANG_WARN_SUSPICIOUS_MOVE = YES;
				CLANG_WARN_UNGUARDED_AVAILABILITY = YES_AGGRESSIVE;
				CLANG_WARN_UNREACHABLE_CODE = YES;
				CLANG_WARN__DUPLICATE_METHOD_MATCH = YES;
				COPY_PHASE_STRIP = NO;
				DEBUG_INFORMATION_FORMAT = dwarf;
				ENABLE_STRICT_OBJC_MSGSEND = YES;
				ENABLE_TESTABILITY = YES;
				GCC_C_LANGUAGE_STANDARD = gnu11;
				GCC_DYNAMIC_NO_PIC = NO;
				GCC_NO_COMMON_BLOCKS = YES;
				GCC_OPTIMIZATION_LEVEL = 0;
				GCC_PREPROCESSOR_DEFINITIONS = (
					"DEBUG=1",
					"$(inherited)",
				);
				GCC_WARN_64_TO_32_BIT_CONVERSION = YES;
				GCC_WARN_ABOUT_RETURN_TYPE = YES_ERROR;
				GCC_WARN_UNDECLARED_SELECTOR = YES;
				GCC_WARN_UNINITIALIZED_AUTOS = YES_AGGRESSIVE;
				GCC_WARN_UNUSED_FUNCTION = YES;
				GCC_WARN_UNUSED_VARIABLE = YES;
				IPHONEOS_DEPLOYMENT_TARGET = 15.0;
				MTL_ENABLE_DEBUG_INFO = INCLUDE_SOURCE;
				MTL_FAST_MATH = YES;
				ONLY_ACTIVE_ARCH = YES;
				SDKROOT = iphoneos;
				SWIFT_ACTIVE_COMPILATION_CONDITIONS = DEBUG;
				SWIFT_OPTIMIZATION_LEVEL = "-Onone";
			};
			name = Debug;
		};
		D602D417275DAD4C0027FEEE /* Release */ = {
			isa = XCBuildConfiguration;
			buildSettings = {
				ALWAYS_SEARCH_USER_PATHS = NO;
				CLANG_ANALYZER_NONNULL = YES;
				CLANG_ANALYZER_NUMBER_OBJECT_CONVERSION = YES_AGGRESSIVE;
				CLANG_CXX_LANGUAGE_STANDARD = "gnu++17";
				CLANG_CXX_LIBRARY = "libc++";
				CLANG_ENABLE_MODULES = YES;
				CLANG_ENABLE_OBJC_ARC = YES;
				CLANG_ENABLE_OBJC_WEAK = YES;
				CLANG_WARN_BLOCK_CAPTURE_AUTORELEASING = YES;
				CLANG_WARN_BOOL_CONVERSION = YES;
				CLANG_WARN_COMMA = YES;
				CLANG_WARN_CONSTANT_CONVERSION = YES;
				CLANG_WARN_DEPRECATED_OBJC_IMPLEMENTATIONS = YES;
				CLANG_WARN_DIRECT_OBJC_ISA_USAGE = YES_ERROR;
				CLANG_WARN_DOCUMENTATION_COMMENTS = YES;
				CLANG_WARN_EMPTY_BODY = YES;
				CLANG_WARN_ENUM_CONVERSION = YES;
				CLANG_WARN_INFINITE_RECURSION = YES;
				CLANG_WARN_INT_CONVERSION = YES;
				CLANG_WARN_NON_LITERAL_NULL_CONVERSION = YES;
				CLANG_WARN_OBJC_IMPLICIT_RETAIN_SELF = YES;
				CLANG_WARN_OBJC_LITERAL_CONVERSION = YES;
				CLANG_WARN_OBJC_ROOT_CLASS = YES_ERROR;
				CLANG_WARN_QUOTED_INCLUDE_IN_FRAMEWORK_HEADER = YES;
				CLANG_WARN_RANGE_LOOP_ANALYSIS = YES;
				CLANG_WARN_STRICT_PROTOTYPES = YES;
				CLANG_WARN_SUSPICIOUS_MOVE = YES;
				CLANG_WARN_UNGUARDED_AVAILABILITY = YES_AGGRESSIVE;
				CLANG_WARN_UNREACHABLE_CODE = YES;
				CLANG_WARN__DUPLICATE_METHOD_MATCH = YES;
				COPY_PHASE_STRIP = NO;
				DEBUG_INFORMATION_FORMAT = "dwarf-with-dsym";
				ENABLE_NS_ASSERTIONS = NO;
				ENABLE_STRICT_OBJC_MSGSEND = YES;
				GCC_C_LANGUAGE_STANDARD = gnu11;
				GCC_NO_COMMON_BLOCKS = YES;
				GCC_WARN_64_TO_32_BIT_CONVERSION = YES;
				GCC_WARN_ABOUT_RETURN_TYPE = YES_ERROR;
				GCC_WARN_UNDECLARED_SELECTOR = YES;
				GCC_WARN_UNINITIALIZED_AUTOS = YES_AGGRESSIVE;
				GCC_WARN_UNUSED_FUNCTION = YES;
				GCC_WARN_UNUSED_VARIABLE = YES;
				IPHONEOS_DEPLOYMENT_TARGET = 15.0;
				MTL_ENABLE_DEBUG_INFO = NO;
				MTL_FAST_MATH = YES;
				SDKROOT = iphoneos;
				SWIFT_COMPILATION_MODE = wholemodule;
				SWIFT_OPTIMIZATION_LEVEL = "-O";
				VALIDATE_PRODUCT = YES;
			};
			name = Release;
		};
		D602D419275DAD4C0027FEEE /* Debug */ = {
			isa = XCBuildConfiguration;
			buildSettings = {
				ASSETCATALOG_COMPILER_APPICON_NAME = AppIcon;
				ASSETCATALOG_COMPILER_GLOBAL_ACCENT_COLOR_NAME = AccentColor;
				CODE_SIGN_STYLE = Automatic;
				CURRENT_PROJECT_VERSION = 1;
				DEVELOPMENT_TEAM = D7KS69836R;
				GENERATE_INFOPLIST_FILE = YES;
				INFOPLIST_FILE = Background/Info.plist;
				INFOPLIST_KEY_UIApplicationSupportsIndirectInputEvents = YES;
				INFOPLIST_KEY_UILaunchStoryboardName = LaunchScreen;
				INFOPLIST_KEY_UIMainStoryboardFile = Main;
				INFOPLIST_KEY_UISupportedInterfaceOrientations = UIInterfaceOrientationPortrait;
				INFOPLIST_KEY_UISupportedInterfaceOrientations_iPad = "UIInterfaceOrientationPortrait UIInterfaceOrientationPortraitUpsideDown UIInterfaceOrientationLandscapeLeft UIInterfaceOrientationLandscapeRight";
				INFOPLIST_KEY_UISupportedInterfaceOrientations_iPhone = "UIInterfaceOrientationPortrait UIInterfaceOrientationLandscapeLeft UIInterfaceOrientationLandscapeRight";
				LD_RUNPATH_SEARCH_PATHS = (
					"$(inherited)",
					"@executable_path/Frameworks",
				);
				MARKETING_VERSION = 1.0;
				PRODUCT_BUNDLE_IDENTIFIER = br.com.academy.luis.Background;
				PRODUCT_NAME = "$(TARGET_NAME)";
				SWIFT_EMIT_LOC_STRINGS = YES;
				SWIFT_VERSION = 5.0;
				TARGETED_DEVICE_FAMILY = "1,2";
			};
			name = Debug;
		};
		D602D41A275DAD4C0027FEEE /* Release */ = {
			isa = XCBuildConfiguration;
			buildSettings = {
				ASSETCATALOG_COMPILER_APPICON_NAME = AppIcon;
				ASSETCATALOG_COMPILER_GLOBAL_ACCENT_COLOR_NAME = AccentColor;
				CODE_SIGN_STYLE = Automatic;
				CURRENT_PROJECT_VERSION = 1;
				DEVELOPMENT_TEAM = D7KS69836R;
				GENERATE_INFOPLIST_FILE = YES;
				INFOPLIST_FILE = Background/Info.plist;
				INFOPLIST_KEY_UIApplicationSupportsIndirectInputEvents = YES;
				INFOPLIST_KEY_UILaunchStoryboardName = LaunchScreen;
				INFOPLIST_KEY_UIMainStoryboardFile = Main;
				INFOPLIST_KEY_UISupportedInterfaceOrientations = UIInterfaceOrientationPortrait;
				INFOPLIST_KEY_UISupportedInterfaceOrientations_iPad = "UIInterfaceOrientationPortrait UIInterfaceOrientationPortraitUpsideDown UIInterfaceOrientationLandscapeLeft UIInterfaceOrientationLandscapeRight";
				INFOPLIST_KEY_UISupportedInterfaceOrientations_iPhone = "UIInterfaceOrientationPortrait UIInterfaceOrientationLandscapeLeft UIInterfaceOrientationLandscapeRight";
				LD_RUNPATH_SEARCH_PATHS = (
					"$(inherited)",
					"@executable_path/Frameworks",
				);
				MARKETING_VERSION = 1.0;
				PRODUCT_BUNDLE_IDENTIFIER = br.com.academy.luis.Background;
				PRODUCT_NAME = "$(TARGET_NAME)";
				SWIFT_EMIT_LOC_STRINGS = YES;
				SWIFT_VERSION = 5.0;
				TARGETED_DEVICE_FAMILY = "1,2";
			};
			name = Release;
		};
/* End XCBuildConfiguration section */

/* Begin XCConfigurationList section */
		D602D3FF275DAD4B0027FEEE /* Build configuration list for PBXProject "Background" */ = {
			isa = XCConfigurationList;
			buildConfigurations = (
				D602D416275DAD4C0027FEEE /* Debug */,
				D602D417275DAD4C0027FEEE /* Release */,
			);
			defaultConfigurationIsVisible = 0;
			defaultConfigurationName = Release;
		};
		D602D418275DAD4C0027FEEE /* Build configuration list for PBXNativeTarget "Background" */ = {
			isa = XCConfigurationList;
			buildConfigurations = (
				D602D419275DAD4C0027FEEE /* Debug */,
				D602D41A275DAD4C0027FEEE /* Release */,
			);
			defaultConfigurationIsVisible = 0;
			defaultConfigurationName = Release;
		};
/* End XCConfigurationList section */
	};
	rootObject = D602D3FC275DAD4B0027FEEE /* Project object */;
}
